
Microsoft Visual Studio Solution File, Format Version 12.00
# Visual Studio Version 16
VisualStudioVersion = 16.0.29123.88
MinimumVisualStudioVersion = 10.0.40219.1
Project("{9A19103F-16F7-4668-BE54-9A1E7A4F7556}") = "TEST", "TEST\TEST.csproj", "{58BE4863-1339-4EA0-B31F-37B9142E7196}"
EndProject
Project("{9A19103F-16F7-4668-BE54-9A1E7A4F7556}") = "MyHTMLParser", "MyHTMLParser\MyHTMLParser.csproj", "{8D0ED4B9-7A1A-40B0-92EA-E5399C2CFEE3}"
EndProject
Project("{9A19103F-16F7-4668-BE54-9A1E7A4F7556}") = "ConsoleApp_WPF", "ConsoleApp\ConsoleApp_WPF.csproj", "{AE0E7D30-D360-4D85-A492-CB904B467786}"
EndProject
Project("{9A19103F-16F7-4668-BE54-9A1E7A4F7556}") = "IAuction", "IAuction\IAuction.csproj", "{0164D8FB-B0B7-4B6E-BFE0-4720F07DF9A4}"
EndProject
Project("{FAE04EC0-301F-11D3-BF4B-00C04F79EFBC}") = "RequestMaker_WPF", "RequestMaker\RequestMaker_WPF.csproj", "{47E3F92B-A9C2-4BE3-B242-C60FFDB8BC4B}"
EndProject
Project("{FAE04EC0-301F-11D3-BF4B-00C04F79EFBC}") = "ConsoleApp_WIN", "ConsoleApp_WIN\ConsoleApp_WIN.csproj", "{468F1207-620F-4216-AA80-5E591737089F}"
EndProject
Project("{FAE04EC0-301F-11D3-BF4B-00C04F79EFBC}") = "RequestMaker_WIN", "RequestMaker_WIN\RequestMaker_WIN.csproj", "{85EAB550-C4E4-42CE-8A07-7CAF2186142C}"
EndProject
Project("{9A19103F-16F7-4668-BE54-9A1E7A4F7556}") = "CenterRu", "CenterRu\CenterRu.csproj", "{A53415C2-368A-4DDC-9AAB-0B8AD86DCE88}"
EndProject
Project("{9A19103F-16F7-4668-BE54-9A1E7A4F7556}") = "TorgiASV", "TorgiASV\TorgiASV.csproj", "{46DB4C91-F0C3-4C18-A104-24EB902EB3E8}"
EndProject
Project("{9A19103F-16F7-4668-BE54-9A1E7A4F7556}") = "ASVorgRU", "ASVorgRU\ASVorgRU.csproj", "{D9615C0F-FB44-49B0-816F-40F85FD72954}"
EndProject
Project("{9A19103F-16F7-4668-BE54-9A1E7A4F7556}") = "SberbankAST", "SberbankAST\SberbankAST.csproj", "{104AF94F-A174-47E0-B5CB-CA8F5FB802DB}"
EndProject
Project("{9A19103F-16F7-4668-BE54-9A1E7A4F7556}") = "B2B", "B2B\B2B.csproj", "{8C15360F-9714-4940-A3C5-BA9A950D886C}"
EndProject
Project("{9A19103F-16F7-4668-BE54-9A1E7A4F7556}") = "ETP_GPB", "ETP_GPB\ETP_GPB.csproj", "{AA368D31-EB60-49D6-8A28-6795960B26E5}"
EndProject
Project("{2150E333-8FDC-42A3-9474-1A3956D46DE8}") = "ETP", "ETP", "{AEED0CBB-298C-42E4-95BE-1D77E3F40D48}"
EndProject
Project("{2150E333-8FDC-42A3-9474-1A3956D46DE8}") = "APP", "APP", "{E54D5B72-10A6-4C18-97BC-ECEAEFEA4147}"
EndProject
Project("{2150E333-8FDC-42A3-9474-1A3956D46DE8}") = "WIN", "WIN", "{4753592D-AAB2-4A24-AD7C-665216191F18}"
EndProject
Project("{2150E333-8FDC-42A3-9474-1A3956D46DE8}") = "WPF", "WPF", "{7B286BDA-2DDD-42BB-A94F-84BD38E8F81B}"
EndProject
Project("{9A19103F-16F7-4668-BE54-9A1E7A4F7556}") = "UTender", "UTender\UTender.csproj", "{313EBAE8-0F6C-4C0E-8DD5-49834F0C585F}"
EndProject
Project("{9A19103F-16F7-4668-BE54-9A1E7A4F7556}") = "ZakupkiGov", "ZakupkiGov\ZakupkiGov.csproj", "{A07B1BAA-DE24-4857-862D-2212754A618E}"
EndProject
Project("{9A19103F-16F7-4668-BE54-9A1E7A4F7556}") = "HTMLParser", "HtmlParser\HTMLParser.csproj", "{04344028-6CAE-42EA-8D41-BBA6F2F31EA5}"
EndProject
Project("{9A19103F-16F7-4668-BE54-9A1E7A4F7556}") = "TekTorg", "TekTorg\TekTorg.csproj", "{2FC58D1F-57D4-48D6-B4BC-059B9168AECD}"
EndProject
Project("{9A19103F-16F7-4668-BE54-9A1E7A4F7556}") = "RosElTorg", "RosElTorg\RosElTorg.csproj", "{1594E157-69B9-4A1A-92CB-3074ED54F113}"
EndProject
Project("{FAE04EC0-301F-11D3-BF4B-00C04F79EFBC}") = "RTSTender", "RTSTender\RTSTender.csproj", "{642F33A1-96E4-470B-9CF7-54E6A18B4044}"
EndProject
Global
	GlobalSection(SolutionConfigurationPlatforms) = preSolution
		Debug|Any CPU = Debug|Any CPU
		Release|Any CPU = Release|Any CPU
	EndGlobalSection
	GlobalSection(ProjectConfigurationPlatforms) = postSolution
		{58BE4863-1339-4EA0-B31F-37B9142E7196}.Debug|Any CPU.ActiveCfg = Debug|Any CPU
		{58BE4863-1339-4EA0-B31F-37B9142E7196}.Debug|Any CPU.Build.0 = Debug|Any CPU
		{58BE4863-1339-4EA0-B31F-37B9142E7196}.Release|Any CPU.ActiveCfg = Release|Any CPU
		{58BE4863-1339-4EA0-B31F-37B9142E7196}.Release|Any CPU.Build.0 = Release|Any CPU
		{8D0ED4B9-7A1A-40B0-92EA-E5399C2CFEE3}.Debug|Any CPU.ActiveCfg = Debug|Any CPU
		{8D0ED4B9-7A1A-40B0-92EA-E5399C2CFEE3}.Debug|Any CPU.Build.0 = Debug|Any CPU
		{8D0ED4B9-7A1A-40B0-92EA-E5399C2CFEE3}.Release|Any CPU.ActiveCfg = Release|Any CPU
		{8D0ED4B9-7A1A-40B0-92EA-E5399C2CFEE3}.Release|Any CPU.Build.0 = Release|Any CPU
		{AE0E7D30-D360-4D85-A492-CB904B467786}.Debug|Any CPU.ActiveCfg = Debug|Any CPU
		{AE0E7D30-D360-4D85-A492-CB904B467786}.Debug|Any CPU.Build.0 = Debug|Any CPU
		{AE0E7D30-D360-4D85-A492-CB904B467786}.Release|Any CPU.ActiveCfg = Release|Any CPU
		{AE0E7D30-D360-4D85-A492-CB904B467786}.Release|Any CPU.Build.0 = Release|Any CPU
		{0164D8FB-B0B7-4B6E-BFE0-4720F07DF9A4}.Debug|Any CPU.ActiveCfg = Debug|Any CPU
		{0164D8FB-B0B7-4B6E-BFE0-4720F07DF9A4}.Debug|Any CPU.Build.0 = Debug|Any CPU
		{0164D8FB-B0B7-4B6E-BFE0-4720F07DF9A4}.Release|Any CPU.ActiveCfg = Release|Any CPU
		{0164D8FB-B0B7-4B6E-BFE0-4720F07DF9A4}.Release|Any CPU.Build.0 = Release|Any CPU
		{47E3F92B-A9C2-4BE3-B242-C60FFDB8BC4B}.Debug|Any CPU.ActiveCfg = Debug|Any CPU
		{47E3F92B-A9C2-4BE3-B242-C60FFDB8BC4B}.Debug|Any CPU.Build.0 = Debug|Any CPU
		{47E3F92B-A9C2-4BE3-B242-C60FFDB8BC4B}.Release|Any CPU.ActiveCfg = Release|Any CPU
		{47E3F92B-A9C2-4BE3-B242-C60FFDB8BC4B}.Release|Any CPU.Build.0 = Release|Any CPU
		{468F1207-620F-4216-AA80-5E591737089F}.Debug|Any CPU.ActiveCfg = Debug|Any CPU
		{468F1207-620F-4216-AA80-5E591737089F}.Debug|Any CPU.Build.0 = Debug|Any CPU
		{468F1207-620F-4216-AA80-5E591737089F}.Release|Any CPU.ActiveCfg = Release|Any CPU
		{468F1207-620F-4216-AA80-5E591737089F}.Release|Any CPU.Build.0 = Release|Any CPU
		{85EAB550-C4E4-42CE-8A07-7CAF2186142C}.Debug|Any CPU.ActiveCfg = Debug|Any CPU
		{85EAB550-C4E4-42CE-8A07-7CAF2186142C}.Debug|Any CPU.Build.0 = Debug|Any CPU
		{85EAB550-C4E4-42CE-8A07-7CAF2186142C}.Release|Any CPU.ActiveCfg = Release|Any CPU
		{85EAB550-C4E4-42CE-8A07-7CAF2186142C}.Release|Any CPU.Build.0 = Release|Any CPU
		{A53415C2-368A-4DDC-9AAB-0B8AD86DCE88}.Debug|Any CPU.ActiveCfg = Debug|Any CPU
		{A53415C2-368A-4DDC-9AAB-0B8AD86DCE88}.Debug|Any CPU.Build.0 = Debug|Any CPU
		{A53415C2-368A-4DDC-9AAB-0B8AD86DCE88}.Release|Any CPU.ActiveCfg = Release|Any CPU
		{A53415C2-368A-4DDC-9AAB-0B8AD86DCE88}.Release|Any CPU.Build.0 = Release|Any CPU
		{46DB4C91-F0C3-4C18-A104-24EB902EB3E8}.Debug|Any CPU.ActiveCfg = Debug|Any CPU
		{46DB4C91-F0C3-4C18-A104-24EB902EB3E8}.Debug|Any CPU.Build.0 = Debug|Any CPU
		{46DB4C91-F0C3-4C18-A104-24EB902EB3E8}.Release|Any CPU.ActiveCfg = Release|Any CPU
		{46DB4C91-F0C3-4C18-A104-24EB902EB3E8}.Release|Any CPU.Build.0 = Release|Any CPU
		{D9615C0F-FB44-49B0-816F-40F85FD72954}.Debug|Any CPU.ActiveCfg = Debug|Any CPU
		{D9615C0F-FB44-49B0-816F-40F85FD72954}.Debug|Any CPU.Build.0 = Debug|Any CPU
		{D9615C0F-FB44-49B0-816F-40F85FD72954}.Release|Any CPU.ActiveCfg = Release|Any CPU
		{D9615C0F-FB44-49B0-816F-40F85FD72954}.Release|Any CPU.Build.0 = Release|Any CPU
		{104AF94F-A174-47E0-B5CB-CA8F5FB802DB}.Debug|Any CPU.ActiveCfg = Debug|Any CPU
		{104AF94F-A174-47E0-B5CB-CA8F5FB802DB}.Debug|Any CPU.Build.0 = Debug|Any CPU
		{104AF94F-A174-47E0-B5CB-CA8F5FB802DB}.Release|Any CPU.ActiveCfg = Release|Any CPU
		{104AF94F-A174-47E0-B5CB-CA8F5FB802DB}.Release|Any CPU.Build.0 = Release|Any CPU
		{8C15360F-9714-4940-A3C5-BA9A950D886C}.Debug|Any CPU.ActiveCfg = Debug|Any CPU
		{8C15360F-9714-4940-A3C5-BA9A950D886C}.Debug|Any CPU.Build.0 = Debug|Any CPU
		{8C15360F-9714-4940-A3C5-BA9A950D886C}.Release|Any CPU.ActiveCfg = Release|Any CPU
		{8C15360F-9714-4940-A3C5-BA9A950D886C}.Release|Any CPU.Build.0 = Release|Any CPU
		{AA368D31-EB60-49D6-8A28-6795960B26E5}.Debug|Any CPU.ActiveCfg = Debug|Any CPU
		{AA368D31-EB60-49D6-8A28-6795960B26E5}.Debug|Any CPU.Build.0 = Debug|Any CPU
		{AA368D31-EB60-49D6-8A28-6795960B26E5}.Release|Any CPU.ActiveCfg = Release|Any CPU
		{AA368D31-EB60-49D6-8A28-6795960B26E5}.Release|Any CPU.Build.0 = Release|Any CPU
		{313EBAE8-0F6C-4C0E-8DD5-49834F0C585F}.Debug|Any CPU.ActiveCfg = Debug|Any CPU
		{313EBAE8-0F6C-4C0E-8DD5-49834F0C585F}.Debug|Any CPU.Build.0 = Debug|Any CPU
		{313EBAE8-0F6C-4C0E-8DD5-49834F0C585F}.Release|Any CPU.ActiveCfg = Release|Any CPU
		{313EBAE8-0F6C-4C0E-8DD5-49834F0C585F}.Release|Any CPU.Build.0 = Release|Any CPU
		{A07B1BAA-DE24-4857-862D-2212754A618E}.Debug|Any CPU.ActiveCfg = Debug|Any CPU
		{A07B1BAA-DE24-4857-862D-2212754A618E}.Debug|Any CPU.Build.0 = Debug|Any CPU
		{A07B1BAA-DE24-4857-862D-2212754A618E}.Release|Any CPU.ActiveCfg = Release|Any CPU
		{A07B1BAA-DE24-4857-862D-2212754A618E}.Release|Any CPU.Build.0 = Release|Any CPU
		{04344028-6CAE-42EA-8D41-BBA6F2F31EA5}.Debug|Any CPU.ActiveCfg = Debug|Any CPU
		{04344028-6CAE-42EA-8D41-BBA6F2F31EA5}.Debug|Any CPU.Build.0 = Debug|Any CPU
		{04344028-6CAE-42EA-8D41-BBA6F2F31EA5}.Release|Any CPU.ActiveCfg = Release|Any CPU
		{04344028-6CAE-42EA-8D41-BBA6F2F31EA5}.Release|Any CPU.Build.0 = Release|Any CPU
		{2FC58D1F-57D4-48D6-B4BC-059B9168AECD}.Debug|Any CPU.ActiveCfg = Debug|Any CPU
		{2FC58D1F-57D4-48D6-B4BC-059B9168AECD}.Debug|Any CPU.Build.0 = Debug|Any CPU
		{2FC58D1F-57D4-48D6-B4BC-059B9168AECD}.Release|Any CPU.ActiveCfg = Release|Any CPU
		{2FC58D1F-57D4-48D6-B4BC-059B9168AECD}.Release|Any CPU.Build.0 = Release|Any CPU
		{1594E157-69B9-4A1A-92CB-3074ED54F113}.Debug|Any CPU.ActiveCfg = Debug|Any CPU
		{1594E157-69B9-4A1A-92CB-3074ED54F113}.Debug|Any CPU.Build.0 = Debug|Any CPU
		{1594E157-69B9-4A1A-92CB-3074ED54F113}.Release|Any CPU.ActiveCfg = Release|Any CPU
		{1594E157-69B9-4A1A-92CB-3074ED54F113}.Release|Any CPU.Build.0 = Release|Any CPU
		{642F33A1-96E4-470B-9CF7-54E6A18B4044}.Debug|Any CPU.ActiveCfg = Debug|Any CPU
		{642F33A1-96E4-470B-9CF7-54E6A18B4044}.Debug|Any CPU.Build.0 = Debug|Any CPU
		{642F33A1-96E4-470B-9CF7-54E6A18B4044}.Release|Any CPU.ActiveCfg = Release|Any CPU
		{642F33A1-96E4-470B-9CF7-54E6A18B4044}.Release|Any CPU.Build.0 = Release|Any CPU
	EndGlobalSection
	GlobalSection(SolutionProperties) = preSolution
		HideSolutionNode = FALSE
	EndGlobalSection
	GlobalSection(NestedProjects) = preSolution
		{AE0E7D30-D360-4D85-A492-CB904B467786} = {7B286BDA-2DDD-42BB-A94F-84BD38E8F81B}
		{47E3F92B-A9C2-4BE3-B242-C60FFDB8BC4B} = {7B286BDA-2DDD-42BB-A94F-84BD38E8F81B}
		{468F1207-620F-4216-AA80-5E591737089F} = {4753592D-AAB2-4A24-AD7C-665216191F18}
		{85EAB550-C4E4-42CE-8A07-7CAF2186142C} = {4753592D-AAB2-4A24-AD7C-665216191F18}
		{A53415C2-368A-4DDC-9AAB-0B8AD86DCE88} = {AEED0CBB-298C-42E4-95BE-1D77E3F40D48}
		{46DB4C91-F0C3-4C18-A104-24EB902EB3E8} = {AEED0CBB-298C-42E4-95BE-1D77E3F40D48}
		{D9615C0F-FB44-49B0-816F-40F85FD72954} = {AEED0CBB-298C-42E4-95BE-1D77E3F40D48}
		{104AF94F-A174-47E0-B5CB-CA8F5FB802DB} = {AEED0CBB-298C-42E4-95BE-1D77E3F40D48}
		{8C15360F-9714-4940-A3C5-BA9A950D886C} = {AEED0CBB-298C-42E4-95BE-1D77E3F40D48}
		{AA368D31-EB60-49D6-8A28-6795960B26E5} = {AEED0CBB-298C-42E4-95BE-1D77E3F40D48}
		{4753592D-AAB2-4A24-AD7C-665216191F18} = {E54D5B72-10A6-4C18-97BC-ECEAEFEA4147}
		{7B286BDA-2DDD-42BB-A94F-84BD38E8F81B} = {E54D5B72-10A6-4C18-97BC-ECEAEFEA4147}
		{313EBAE8-0F6C-4C0E-8DD5-49834F0C585F} = {AEED0CBB-298C-42E4-95BE-1D77E3F40D48}
		{A07B1BAA-DE24-4857-862D-2212754A618E} = {AEED0CBB-298C-42E4-95BE-1D77E3F40D48}
		{2FC58D1F-57D4-48D6-B4BC-059B9168AECD} = {AEED0CBB-298C-42E4-95BE-1D77E3F40D48}
		{1594E157-69B9-4A1A-92CB-3074ED54F113} = {AEED0CBB-298C-42E4-95BE-1D77E3F40D48}
		{642F33A1-96E4-470B-9CF7-54E6A18B4044} = {AEED0CBB-298C-42E4-95BE-1D77E3F40D48}
	EndGlobalSection
	GlobalSection(ExtensibilityGlobals) = postSolution
		SolutionGuid = {D675F341-062B-42A9-9D7A-7C754BC4449E}
	EndGlobalSection
EndGlobal
