
Microsoft Visual Studio Solution File, Format Version 12.00
# Visual Studio Version 16
VisualStudioVersion = 16.0.29123.88
MinimumVisualStudioVersion = 10.0.40219.1
Project("{9A19103F-16F7-4668-BE54-9A1E7A4F7556}") = "TEST", "TEST\TEST.csproj", "{58BE4863-1339-4EA0-B31F-37B9142E7196}"
	ProjectSection(ProjectDependencies) = postProject
		{ED16E334-860E-4A6B-BC5D-C8E3AE0A66D5} = {ED16E334-860E-4A6B-BC5D-C8E3AE0A66D5}
		{7E5AF8C4-F757-451D-A8A2-333EB25E30C5} = {7E5AF8C4-F757-451D-A8A2-333EB25E30C5}
	EndProjectSection
EndProject
Project("{9A19103F-16F7-4668-BE54-9A1E7A4F7556}") = "TorgiASV_OLD", "TorgiASV_OLD\TorgiASV_OLD.csproj", "{7E5AF8C4-F757-451D-A8A2-333EB25E30C5}"
EndProject
Project("{9A19103F-16F7-4668-BE54-9A1E7A4F7556}") = "CenterrRu_OLD", "Centerr.ru_OLD\CenterrRu_OLD.csproj", "{ED16E334-860E-4A6B-BC5D-C8E3AE0A66D5}"
EndProject
Project("{9A19103F-16F7-4668-BE54-9A1E7A4F7556}") = "MyHTMLParser", "MyHTMLParser\MyHTMLParser.csproj", "{8D0ED4B9-7A1A-40B0-92EA-E5399C2CFEE3}"
EndProject
Project("{9A19103F-16F7-4668-BE54-9A1E7A4F7556}") = "ConsoleApp_WPF", "ConsoleApp\ConsoleApp_WPF.csproj", "{AE0E7D30-D360-4D85-A492-CB904B467786}"
EndProject
Project("{9A19103F-16F7-4668-BE54-9A1E7A4F7556}") = "IAuction", "IAuction\IAuction.csproj", "{0164D8FB-B0B7-4B6E-BFE0-4720F07DF9A4}"
EndProject
Project("{FAE04EC0-301F-11D3-BF4B-00C04F79EFBC}") = "RequestMaker_WPF", "RequestMaker\RequestMaker_WPF.csproj", "{47E3F92B-A9C2-4BE3-B242-C60FFDB8BC4B}"
EndProject
Project("{FAE04EC0-301F-11D3-BF4B-00C04F79EFBC}") = "ConsoleApp_WIN", "ConsoleApp_WIN\ConsoleApp_WIN.csproj", "{468F1207-620F-4216-AA80-5E591737089F}"
	ProjectSection(ProjectDependencies) = postProject
		{ED16E334-860E-4A6B-BC5D-C8E3AE0A66D5} = {ED16E334-860E-4A6B-BC5D-C8E3AE0A66D5}
		{7E5AF8C4-F757-451D-A8A2-333EB25E30C5} = {7E5AF8C4-F757-451D-A8A2-333EB25E30C5}
	EndProjectSection
EndProject
Project("{FAE04EC0-301F-11D3-BF4B-00C04F79EFBC}") = "RequestMaker_WIN", "RequestMaker_WIN\RequestMaker_WIN.csproj", "{85EAB550-C4E4-42CE-8A07-7CAF2186142C}"
EndProject
Project("{9A19103F-16F7-4668-BE54-9A1E7A4F7556}") = "CenterRu", "CenterRu\CenterRu.csproj", "{A53415C2-368A-4DDC-9AAB-0B8AD86DCE88}"
EndProject
Project("{FAE04EC0-301F-11D3-BF4B-00C04F79EFBC}") = "TorgiASV", "TorgiASV\TorgiASV.csproj", "{46DB4C91-F0C3-4C18-A104-24EB902EB3E8}"
EndProject
Global
	GlobalSection(SolutionConfigurationPlatforms) = preSolution
		Debug|Any CPU = Debug|Any CPU
		Release|Any CPU = Release|Any CPU
	EndGlobalSection
	GlobalSection(ProjectConfigurationPlatforms) = postSolution
		{58BE4863-1339-4EA0-B31F-37B9142E7196}.Debug|Any CPU.ActiveCfg = Debug|Any CPU
		{58BE4863-1339-4EA0-B31F-37B9142E7196}.Debug|Any CPU.Build.0 = Debug|Any CPU
		{58BE4863-1339-4EA0-B31F-37B9142E7196}.Release|Any CPU.ActiveCfg = Release|Any CPU
		{58BE4863-1339-4EA0-B31F-37B9142E7196}.Release|Any CPU.Build.0 = Release|Any CPU
		{7E5AF8C4-F757-451D-A8A2-333EB25E30C5}.Debug|Any CPU.ActiveCfg = Debug|Any CPU
		{7E5AF8C4-F757-451D-A8A2-333EB25E30C5}.Debug|Any CPU.Build.0 = Debug|Any CPU
		{7E5AF8C4-F757-451D-A8A2-333EB25E30C5}.Release|Any CPU.ActiveCfg = Release|Any CPU
		{7E5AF8C4-F757-451D-A8A2-333EB25E30C5}.Release|Any CPU.Build.0 = Release|Any CPU
		{ED16E334-860E-4A6B-BC5D-C8E3AE0A66D5}.Debug|Any CPU.ActiveCfg = Debug|Any CPU
		{ED16E334-860E-4A6B-BC5D-C8E3AE0A66D5}.Debug|Any CPU.Build.0 = Debug|Any CPU
		{ED16E334-860E-4A6B-BC5D-C8E3AE0A66D5}.Release|Any CPU.ActiveCfg = Release|Any CPU
		{ED16E334-860E-4A6B-BC5D-C8E3AE0A66D5}.Release|Any CPU.Build.0 = Release|Any CPU
		{8D0ED4B9-7A1A-40B0-92EA-E5399C2CFEE3}.Debug|Any CPU.ActiveCfg = Debug|Any CPU
		{8D0ED4B9-7A1A-40B0-92EA-E5399C2CFEE3}.Debug|Any CPU.Build.0 = Debug|Any CPU
		{8D0ED4B9-7A1A-40B0-92EA-E5399C2CFEE3}.Release|Any CPU.ActiveCfg = Release|Any CPU
		{8D0ED4B9-7A1A-40B0-92EA-E5399C2CFEE3}.Release|Any CPU.Build.0 = Release|Any CPU
		{AE0E7D30-D360-4D85-A492-CB904B467786}.Debug|Any CPU.ActiveCfg = Debug|Any CPU
		{AE0E7D30-D360-4D85-A492-CB904B467786}.Debug|Any CPU.Build.0 = Debug|Any CPU
		{AE0E7D30-D360-4D85-A492-CB904B467786}.Release|Any CPU.ActiveCfg = Release|Any CPU
		{AE0E7D30-D360-4D85-A492-CB904B467786}.Release|Any CPU.Build.0 = Release|Any CPU
		{0164D8FB-B0B7-4B6E-BFE0-4720F07DF9A4}.Debug|Any CPU.ActiveCfg = Debug|Any CPU
		{0164D8FB-B0B7-4B6E-BFE0-4720F07DF9A4}.Debug|Any CPU.Build.0 = Debug|Any CPU
		{0164D8FB-B0B7-4B6E-BFE0-4720F07DF9A4}.Release|Any CPU.ActiveCfg = Release|Any CPU
		{0164D8FB-B0B7-4B6E-BFE0-4720F07DF9A4}.Release|Any CPU.Build.0 = Release|Any CPU
		{47E3F92B-A9C2-4BE3-B242-C60FFDB8BC4B}.Debug|Any CPU.ActiveCfg = Debug|Any CPU
		{47E3F92B-A9C2-4BE3-B242-C60FFDB8BC4B}.Debug|Any CPU.Build.0 = Debug|Any CPU
		{47E3F92B-A9C2-4BE3-B242-C60FFDB8BC4B}.Release|Any CPU.ActiveCfg = Release|Any CPU
		{47E3F92B-A9C2-4BE3-B242-C60FFDB8BC4B}.Release|Any CPU.Build.0 = Release|Any CPU
		{468F1207-620F-4216-AA80-5E591737089F}.Debug|Any CPU.ActiveCfg = Debug|Any CPU
		{468F1207-620F-4216-AA80-5E591737089F}.Debug|Any CPU.Build.0 = Debug|Any CPU
		{468F1207-620F-4216-AA80-5E591737089F}.Release|Any CPU.ActiveCfg = Release|Any CPU
		{468F1207-620F-4216-AA80-5E591737089F}.Release|Any CPU.Build.0 = Release|Any CPU
		{85EAB550-C4E4-42CE-8A07-7CAF2186142C}.Debug|Any CPU.ActiveCfg = Debug|Any CPU
		{85EAB550-C4E4-42CE-8A07-7CAF2186142C}.Debug|Any CPU.Build.0 = Debug|Any CPU
		{85EAB550-C4E4-42CE-8A07-7CAF2186142C}.Release|Any CPU.ActiveCfg = Release|Any CPU
		{85EAB550-C4E4-42CE-8A07-7CAF2186142C}.Release|Any CPU.Build.0 = Release|Any CPU
		{A53415C2-368A-4DDC-9AAB-0B8AD86DCE88}.Debug|Any CPU.ActiveCfg = Debug|Any CPU
		{A53415C2-368A-4DDC-9AAB-0B8AD86DCE88}.Debug|Any CPU.Build.0 = Debug|Any CPU
		{A53415C2-368A-4DDC-9AAB-0B8AD86DCE88}.Release|Any CPU.ActiveCfg = Release|Any CPU
		{A53415C2-368A-4DDC-9AAB-0B8AD86DCE88}.Release|Any CPU.Build.0 = Release|Any CPU
		{46DB4C91-F0C3-4C18-A104-24EB902EB3E8}.Debug|Any CPU.ActiveCfg = Debug|Any CPU
		{46DB4C91-F0C3-4C18-A104-24EB902EB3E8}.Debug|Any CPU.Build.0 = Debug|Any CPU
		{46DB4C91-F0C3-4C18-A104-24EB902EB3E8}.Release|Any CPU.ActiveCfg = Release|Any CPU
		{46DB4C91-F0C3-4C18-A104-24EB902EB3E8}.Release|Any CPU.Build.0 = Release|Any CPU
	EndGlobalSection
	GlobalSection(SolutionProperties) = preSolution
		HideSolutionNode = FALSE
	EndGlobalSection
	GlobalSection(ExtensibilityGlobals) = postSolution
		SolutionGuid = {D675F341-062B-42A9-9D7A-7C754BC4449E}
	EndGlobalSection
EndGlobal
